
Microsoft Visual Studio Solution File, Format Version 12.00
# Visual Studio 15
VisualStudioVersion = 15.0.28010.2016
MinimumVisualStudioVersion = 10.0.40219.1
Project("{FAE04EC0-301F-11D3-BF4B-00C04F79EFBC}") = "MarioPirates", "MarioPirates\MarioPirates.csproj", "{02BA8B5E-1C80-4746-8708-7CD7259C2405}"
EndProject
Project("{D954291E-2A0B-460D-934E-DC6B0785DB48}") = "LibMarioPirates", "LibMarioPirates\LibMarioPirates.shproj", "{6BBCA39B-5BAA-439A-B539-86AC536E255A}"
EndProject
Project("{FAE04EC0-301F-11D3-BF4B-00C04F79EFBC}") = "MapEditor", "MapEditor\MapEditor.csproj", "{BBE5A112-DBA0-4ADA-9FB0-E915A1D4FA7A}"
EndProject
Project("{2150E333-8FDC-42A3-9474-1A3956D46DE8}") = "DataFiles", "DataFiles", "{D713BD47-411E-4D38-BBE2-17589EBC7AE5}"
	ProjectSection(SolutionItems) = preProject
		DataFiles\LevelData_1.json = DataFiles\LevelData_1.json
		DataFiles\LevelData_gameover.json = DataFiles\LevelData_gameover.json
		DataFiles\LevelData_secret.json = DataFiles\LevelData_secret.json
		DataFiles\LevelData_underwater.json = DataFiles\LevelData_underwater.json
		DataFiles\LevelData_win.json = DataFiles\LevelData_win.json
		DataFiles\MarioSpritesData.json = DataFiles\MarioSpritesData.json
		DataFiles\SpritesData.json = DataFiles\SpritesData.json
	EndProjectSection
EndProject
Global
	GlobalSection(SharedMSBuildProjectFiles) = preSolution
		LibMarioPirates\LibMarioPirates.projitems*{02ba8b5e-1c80-4746-8708-7cd7259c2405}*SharedItemsImports = 4
		LibMarioPirates\LibMarioPirates.projitems*{6bbca39b-5baa-439a-b539-86ac536e255a}*SharedItemsImports = 13
		LibMarioPirates\LibMarioPirates.projitems*{bbe5a112-dba0-4ada-9fb0-e915a1d4fa7a}*SharedItemsImports = 4
	EndGlobalSection
	GlobalSection(SolutionConfigurationPlatforms) = preSolution
		Debug|Any CPU = Debug|Any CPU
		Debug|x86 = Debug|x86
		Release|Any CPU = Release|Any CPU
		Release|x86 = Release|x86
	EndGlobalSection
	GlobalSection(ProjectConfigurationPlatforms) = postSolution
		{02BA8B5E-1C80-4746-8708-7CD7259C2405}.Debug|Any CPU.ActiveCfg = Debug|x86
		{02BA8B5E-1C80-4746-8708-7CD7259C2405}.Debug|Any CPU.Build.0 = Debug|x86
		{02BA8B5E-1C80-4746-8708-7CD7259C2405}.Debug|x86.ActiveCfg = Debug|x86
		{02BA8B5E-1C80-4746-8708-7CD7259C2405}.Debug|x86.Build.0 = Debug|x86
		{02BA8B5E-1C80-4746-8708-7CD7259C2405}.Release|Any CPU.ActiveCfg = Debug|x86
		{02BA8B5E-1C80-4746-8708-7CD7259C2405}.Release|Any CPU.Build.0 = Debug|x86
		{02BA8B5E-1C80-4746-8708-7CD7259C2405}.Release|x86.ActiveCfg = Debug|x86
		{02BA8B5E-1C80-4746-8708-7CD7259C2405}.Release|x86.Build.0 = Debug|x86
		{BBE5A112-DBA0-4ADA-9FB0-E915A1D4FA7A}.Debug|Any CPU.ActiveCfg = Debug|x86
		{BBE5A112-DBA0-4ADA-9FB0-E915A1D4FA7A}.Debug|Any CPU.Build.0 = Debug|x86
		{BBE5A112-DBA0-4ADA-9FB0-E915A1D4FA7A}.Debug|x86.ActiveCfg = Debug|x86
		{BBE5A112-DBA0-4ADA-9FB0-E915A1D4FA7A}.Debug|x86.Build.0 = Debug|x86
		{BBE5A112-DBA0-4ADA-9FB0-E915A1D4FA7A}.Release|Any CPU.ActiveCfg = Debug|x86
		{BBE5A112-DBA0-4ADA-9FB0-E915A1D4FA7A}.Release|Any CPU.Build.0 = Debug|x86
		{BBE5A112-DBA0-4ADA-9FB0-E915A1D4FA7A}.Release|x86.ActiveCfg = Debug|x86
		{BBE5A112-DBA0-4ADA-9FB0-E915A1D4FA7A}.Release|x86.Build.0 = Debug|x86
	EndGlobalSection
	GlobalSection(SolutionProperties) = preSolution
		HideSolutionNode = FALSE
	EndGlobalSection
	GlobalSection(ExtensibilityGlobals) = postSolution
		SolutionGuid = {8666B04C-6F0F-4500-916B-6D84BCAF13EB}
	EndGlobalSection
EndGlobal
